
Microsoft Visual Studio Solution File, Format Version 12.00
# Visual Studio 15
VisualStudioVersion = 15.0.27130.2020
MinimumVisualStudioVersion = 10.0.40219.1
Project("{FAE04EC0-301F-11D3-BF4B-00C04F79EFBC}") = "Tutorial001", "Tutorial001\Tutorial001.csproj", "{66F1189C-3F00-4E32-94D7-BE93F7E83791}"
EndProject
Project("{FAE04EC0-301F-11D3-BF4B-00C04F79EFBC}") = "Tutorial002", "Tutorial002\Tutorial002.csproj", "{6AA4E2ED-72CF-4C23-8F36-FFEF386506BE}"
EndProject
Project("{FAE04EC0-301F-11D3-BF4B-00C04F79EFBC}") = "Tutorial003", "Tutorial003\Tutorial003.csproj", "{F9A3B5E0-6B9C-4C04-8E08-2C39014FA8AB}"
EndProject
Project("{FAE04EC0-301F-11D3-BF4B-00C04F79EFBC}") = "Tutorial004", "Tutorial004\Tutorial004.csproj", "{EE45E872-4CF7-4403-845C-9D25D18D5256}"
EndProject
Project("{FAE04EC0-301F-11D3-BF4B-00C04F79EFBC}") = "Tutorial005", "Tutorial005\Tutorial005.csproj", "{C8F7F52F-DD4A-4EE8-9840-44E1ABD53C9E}"
EndProject
Project("{FAE04EC0-301F-11D3-BF4B-00C04F79EFBC}") = "Tutorial006", "Tutorial006\Tutorial006.csproj", "{5765B11E-D46D-42E3-89A5-1A9B677E746B}"
EndProject
Project("{FAE04EC0-301F-11D3-BF4B-00C04F79EFBC}") = "Tutorial020", "Tutorial020\Tutorial020.csproj", "{A55A87D1-258C-49E3-BD17-CAE7585560BE}"
EndProject
Project("{FAE04EC0-301F-11D3-BF4B-00C04F79EFBC}") = "Tutorial007", "Tutorial007\Tutorial007.csproj", "{F24A8162-50D6-4AF5-A54D-940C8BC1DDBE}"
EndProject
Global
	GlobalSection(SolutionConfigurationPlatforms) = preSolution
		Debug|x86 = Debug|x86
		Release|x86 = Release|x86
	EndGlobalSection
	GlobalSection(ProjectConfigurationPlatforms) = postSolution
		{66F1189C-3F00-4E32-94D7-BE93F7E83791}.Debug|x86.ActiveCfg = Debug|x86
		{66F1189C-3F00-4E32-94D7-BE93F7E83791}.Debug|x86.Build.0 = Debug|x86
		{66F1189C-3F00-4E32-94D7-BE93F7E83791}.Release|x86.ActiveCfg = Release|x86
		{66F1189C-3F00-4E32-94D7-BE93F7E83791}.Release|x86.Build.0 = Release|x86
		{6AA4E2ED-72CF-4C23-8F36-FFEF386506BE}.Debug|x86.ActiveCfg = Debug|x86
		{6AA4E2ED-72CF-4C23-8F36-FFEF386506BE}.Debug|x86.Build.0 = Debug|x86
		{6AA4E2ED-72CF-4C23-8F36-FFEF386506BE}.Release|x86.ActiveCfg = Release|x86
		{6AA4E2ED-72CF-4C23-8F36-FFEF386506BE}.Release|x86.Build.0 = Release|x86
		{F9A3B5E0-6B9C-4C04-8E08-2C39014FA8AB}.Debug|x86.ActiveCfg = Debug|x86
		{F9A3B5E0-6B9C-4C04-8E08-2C39014FA8AB}.Debug|x86.Build.0 = Debug|x86
		{F9A3B5E0-6B9C-4C04-8E08-2C39014FA8AB}.Release|x86.ActiveCfg = Release|x86
		{F9A3B5E0-6B9C-4C04-8E08-2C39014FA8AB}.Release|x86.Build.0 = Release|x86
		{EE45E872-4CF7-4403-845C-9D25D18D5256}.Debug|x86.ActiveCfg = Debug|x86
		{EE45E872-4CF7-4403-845C-9D25D18D5256}.Debug|x86.Build.0 = Debug|x86
		{EE45E872-4CF7-4403-845C-9D25D18D5256}.Release|x86.ActiveCfg = Release|x86
		{EE45E872-4CF7-4403-845C-9D25D18D5256}.Release|x86.Build.0 = Release|x86
		{C8F7F52F-DD4A-4EE8-9840-44E1ABD53C9E}.Debug|x86.ActiveCfg = Debug|x86
		{C8F7F52F-DD4A-4EE8-9840-44E1ABD53C9E}.Debug|x86.Build.0 = Debug|x86
		{C8F7F52F-DD4A-4EE8-9840-44E1ABD53C9E}.Release|x86.ActiveCfg = Release|x86
		{C8F7F52F-DD4A-4EE8-9840-44E1ABD53C9E}.Release|x86.Build.0 = Release|x86
		{5765B11E-D46D-42E3-89A5-1A9B677E746B}.Debug|x86.ActiveCfg = Debug|x86
		{5765B11E-D46D-42E3-89A5-1A9B677E746B}.Debug|x86.Build.0 = Debug|x86
		{5765B11E-D46D-42E3-89A5-1A9B677E746B}.Release|x86.ActiveCfg = Release|x86
		{5765B11E-D46D-42E3-89A5-1A9B677E746B}.Release|x86.Build.0 = Release|x86
		{A55A87D1-258C-49E3-BD17-CAE7585560BE}.Debug|x86.ActiveCfg = Debug|x86
		{A55A87D1-258C-49E3-BD17-CAE7585560BE}.Debug|x86.Build.0 = Debug|x86
		{A55A87D1-258C-49E3-BD17-CAE7585560BE}.Release|x86.ActiveCfg = Release|x86
		{A55A87D1-258C-49E3-BD17-CAE7585560BE}.Release|x86.Build.0 = Release|x86
		{F24A8162-50D6-4AF5-A54D-940C8BC1DDBE}.Debug|x86.ActiveCfg = Debug|x86
		{F24A8162-50D6-4AF5-A54D-940C8BC1DDBE}.Debug|x86.Build.0 = Debug|x86
		{F24A8162-50D6-4AF5-A54D-940C8BC1DDBE}.Release|x86.ActiveCfg = Release|x86
		{F24A8162-50D6-4AF5-A54D-940C8BC1DDBE}.Release|x86.Build.0 = Release|x86
	EndGlobalSection
	GlobalSection(SolutionProperties) = preSolution
		HideSolutionNode = FALSE
	EndGlobalSection
	GlobalSection(ExtensibilityGlobals) = postSolution
		SolutionGuid = {2094B5A6-E0CB-4A61-A23C-D77EAD361D68}
	EndGlobalSection
EndGlobal
