
Microsoft Visual Studio Solution File, Format Version 12.00
# Visual Studio 15
VisualStudioVersion = 15.0.27130.2020
MinimumVisualStudioVersion = 10.0.40219.1
Project("{FAE04EC0-301F-11D3-BF4B-00C04F79EFBC}") = "Tutorial001", "Tutorial001\Tutorial001.csproj", "{66F1189C-3F00-4E32-94D7-BE93F7E83791}"
EndProject
Project("{FAE04EC0-301F-11D3-BF4B-00C04F79EFBC}") = "Tutorial002", "Tutorial002\Tutorial002.csproj", "{6AA4E2ED-72CF-4C23-8F36-FFEF386506BE}"
EndProject
Project("{FAE04EC0-301F-11D3-BF4B-00C04F79EFBC}") = "Tutorial003", "Tutorial003\Tutorial003.csproj", "{F9A3B5E0-6B9C-4C04-8E08-2C39014FA8AB}"
EndProject
Project("{FAE04EC0-301F-11D3-BF4B-00C04F79EFBC}") = "Tutorial004", "Tutorial004\Tutorial004.csproj", "{EE45E872-4CF7-4403-845C-9D25D18D5256}"
EndProject
Project("{FAE04EC0-301F-11D3-BF4B-00C04F79EFBC}") = "Tutorial005", "Tutorial005\Tutorial005.csproj", "{C8F7F52F-DD4A-4EE8-9840-44E1ABD53C9E}"
EndProject
Project("{FAE04EC0-301F-11D3-BF4B-00C04F79EFBC}") = "Tutorial006", "Tutorial006\Tutorial006.csproj", "{5765B11E-D46D-42E3-89A5-1A9B677E746B}"
EndProject
Project("{FAE04EC0-301F-11D3-BF4B-00C04F79EFBC}") = "Tutorial020", "Tutorial020\Tutorial020.csproj", "{A55A87D1-258C-49E3-BD17-CAE7585560BE}"
EndProject
Project("{FAE04EC0-301F-11D3-BF4B-00C04F79EFBC}") = "Tutorial007", "Tutorial007\Tutorial007.csproj", "{F24A8162-50D6-4AF5-A54D-940C8BC1DDBE}"
EndProject
Project("{FAE04EC0-301F-11D3-BF4B-00C04F79EFBC}") = "Tutorial011", "Tutorial011\Tutorial011.csproj", "{966ACA24-33A0-433E-93E9-69E631B84FFA}"
EndProject
Project("{FAE04EC0-301F-11D3-BF4B-00C04F79EFBC}") = "Tutorial014", "Tutorial014\Tutorial014.csproj", "{E1064F2B-FBF1-4EE6-9C62-5BC23E7B9264}"
EndProject
Project("{FAE04EC0-301F-11D3-BF4B-00C04F79EFBC}") = "Tutorial015", "Tutorial015\Tutorial015.csproj", "{0AAB724E-F98B-4081-96F2-E861E16EB6F4}"
EndProject
Project("{FAE04EC0-301F-11D3-BF4B-00C04F79EFBC}") = "Tutorial016", "Tutorial016\Tutorial016.csproj", "{0AA550A6-BC16-4905-8BB5-B0C2EC7D0411}"
EndProject
Project("{FAE04EC0-301F-11D3-BF4B-00C04F79EFBC}") = "Tutorial017", "Tutorial017\Tutorial017.csproj", "{6763D184-8F43-4EAF-8D86-2B1DC661BB09}"
EndProject
Project("{FAE04EC0-301F-11D3-BF4B-00C04F79EFBC}") = "Tutorial018", "Tutorial018\Tutorial018.csproj", "{B3DCE18F-83AC-4DCE-AB4E-B51881056299}"
EndProject
Project("{FAE04EC0-301F-11D3-BF4B-00C04F79EFBC}") = "Tutorial019", "Tutorial019\Tutorial019.csproj", "{A2C150C7-8116-4F2E-AB0E-1E0FF3CDB34E}"
EndProject
Project("{FAE04EC0-301F-11D3-BF4B-00C04F79EFBC}") = "Tutorial022", "Tutorial022\Tutorial022.csproj", "{E3428A87-E72B-42CC-AC12-6C97BA5A957D}"
EndProject
Project("{FAE04EC0-301F-11D3-BF4B-00C04F79EFBC}") = "Tutorial021", "Tutorial021\Tutorial021.csproj", "{5A33293A-3079-4F5D-86B9-964803561C73}"
EndProject
Project("{FAE04EC0-301F-11D3-BF4B-00C04F79EFBC}") = "Tutorial008", "Tutorial008\Tutorial008.csproj", "{0B9B6759-1CA3-4679-98BF-49F230FF49FF}"
EndProject
Project("{FAE04EC0-301F-11D3-BF4B-00C04F79EFBC}") = "Tutorial009", "Tutorial009\Tutorial009.csproj", "{E238A11A-1CDD-4866-908E-534E9079F643}"
EndProject
Project("{FAE04EC0-301F-11D3-BF4B-00C04F79EFBC}") = "Tutorial010", "Tutorial010\Tutorial010.csproj", "{98E08752-8395-4782-9F20-0F72BB69C019}"
EndProject
Project("{FAE04EC0-301F-11D3-BF4B-00C04F79EFBC}") = "Tutorial012", "Tutorial012\Tutorial012.csproj", "{B00B7187-DF39-4177-A744-7B48CE7BED0C}"
EndProject
Project("{FAE04EC0-301F-11D3-BF4B-00C04F79EFBC}") = "Tutorial023", "Tutorial023\Tutorial023.csproj", "{049CC108-B02D-4327-A1AC-C0B6FF8E783B}"
EndProject
Global
	GlobalSection(SolutionConfigurationPlatforms) = preSolution
		Debug|x86 = Debug|x86
		Release|x86 = Release|x86
	EndGlobalSection
	GlobalSection(ProjectConfigurationPlatforms) = postSolution
		{66F1189C-3F00-4E32-94D7-BE93F7E83791}.Debug|x86.ActiveCfg = Debug|x86
		{66F1189C-3F00-4E32-94D7-BE93F7E83791}.Debug|x86.Build.0 = Debug|x86
		{66F1189C-3F00-4E32-94D7-BE93F7E83791}.Release|x86.ActiveCfg = Release|x86
		{66F1189C-3F00-4E32-94D7-BE93F7E83791}.Release|x86.Build.0 = Release|x86
		{6AA4E2ED-72CF-4C23-8F36-FFEF386506BE}.Debug|x86.ActiveCfg = Debug|x86
		{6AA4E2ED-72CF-4C23-8F36-FFEF386506BE}.Debug|x86.Build.0 = Debug|x86
		{6AA4E2ED-72CF-4C23-8F36-FFEF386506BE}.Release|x86.ActiveCfg = Release|x86
		{6AA4E2ED-72CF-4C23-8F36-FFEF386506BE}.Release|x86.Build.0 = Release|x86
		{F9A3B5E0-6B9C-4C04-8E08-2C39014FA8AB}.Debug|x86.ActiveCfg = Debug|x86
		{F9A3B5E0-6B9C-4C04-8E08-2C39014FA8AB}.Debug|x86.Build.0 = Debug|x86
		{F9A3B5E0-6B9C-4C04-8E08-2C39014FA8AB}.Release|x86.ActiveCfg = Release|x86
		{F9A3B5E0-6B9C-4C04-8E08-2C39014FA8AB}.Release|x86.Build.0 = Release|x86
		{EE45E872-4CF7-4403-845C-9D25D18D5256}.Debug|x86.ActiveCfg = Debug|x86
		{EE45E872-4CF7-4403-845C-9D25D18D5256}.Debug|x86.Build.0 = Debug|x86
		{EE45E872-4CF7-4403-845C-9D25D18D5256}.Release|x86.ActiveCfg = Release|x86
		{EE45E872-4CF7-4403-845C-9D25D18D5256}.Release|x86.Build.0 = Release|x86
		{C8F7F52F-DD4A-4EE8-9840-44E1ABD53C9E}.Debug|x86.ActiveCfg = Debug|x86
		{C8F7F52F-DD4A-4EE8-9840-44E1ABD53C9E}.Debug|x86.Build.0 = Debug|x86
		{C8F7F52F-DD4A-4EE8-9840-44E1ABD53C9E}.Release|x86.ActiveCfg = Release|x86
		{C8F7F52F-DD4A-4EE8-9840-44E1ABD53C9E}.Release|x86.Build.0 = Release|x86
		{5765B11E-D46D-42E3-89A5-1A9B677E746B}.Debug|x86.ActiveCfg = Debug|x86
		{5765B11E-D46D-42E3-89A5-1A9B677E746B}.Debug|x86.Build.0 = Debug|x86
		{5765B11E-D46D-42E3-89A5-1A9B677E746B}.Release|x86.ActiveCfg = Release|x86
		{5765B11E-D46D-42E3-89A5-1A9B677E746B}.Release|x86.Build.0 = Release|x86
		{A55A87D1-258C-49E3-BD17-CAE7585560BE}.Debug|x86.ActiveCfg = Debug|x86
		{A55A87D1-258C-49E3-BD17-CAE7585560BE}.Debug|x86.Build.0 = Debug|x86
		{A55A87D1-258C-49E3-BD17-CAE7585560BE}.Release|x86.ActiveCfg = Release|x86
		{A55A87D1-258C-49E3-BD17-CAE7585560BE}.Release|x86.Build.0 = Release|x86
		{F24A8162-50D6-4AF5-A54D-940C8BC1DDBE}.Debug|x86.ActiveCfg = Debug|x86
		{F24A8162-50D6-4AF5-A54D-940C8BC1DDBE}.Debug|x86.Build.0 = Debug|x86
		{F24A8162-50D6-4AF5-A54D-940C8BC1DDBE}.Release|x86.ActiveCfg = Release|x86
		{F24A8162-50D6-4AF5-A54D-940C8BC1DDBE}.Release|x86.Build.0 = Release|x86
		{966ACA24-33A0-433E-93E9-69E631B84FFA}.Debug|x86.ActiveCfg = Debug|x86
		{966ACA24-33A0-433E-93E9-69E631B84FFA}.Debug|x86.Build.0 = Debug|x86
		{966ACA24-33A0-433E-93E9-69E631B84FFA}.Release|x86.ActiveCfg = Release|x86
		{966ACA24-33A0-433E-93E9-69E631B84FFA}.Release|x86.Build.0 = Release|x86
		{E1064F2B-FBF1-4EE6-9C62-5BC23E7B9264}.Debug|x86.ActiveCfg = Debug|x86
		{E1064F2B-FBF1-4EE6-9C62-5BC23E7B9264}.Debug|x86.Build.0 = Debug|x86
		{E1064F2B-FBF1-4EE6-9C62-5BC23E7B9264}.Release|x86.ActiveCfg = Release|x86
		{E1064F2B-FBF1-4EE6-9C62-5BC23E7B9264}.Release|x86.Build.0 = Release|x86
		{0AAB724E-F98B-4081-96F2-E861E16EB6F4}.Debug|x86.ActiveCfg = Debug|x86
		{0AAB724E-F98B-4081-96F2-E861E16EB6F4}.Debug|x86.Build.0 = Debug|x86
		{0AAB724E-F98B-4081-96F2-E861E16EB6F4}.Release|x86.ActiveCfg = Release|x86
		{0AAB724E-F98B-4081-96F2-E861E16EB6F4}.Release|x86.Build.0 = Release|x86
		{0AA550A6-BC16-4905-8BB5-B0C2EC7D0411}.Debug|x86.ActiveCfg = Debug|x86
		{0AA550A6-BC16-4905-8BB5-B0C2EC7D0411}.Debug|x86.Build.0 = Debug|x86
		{0AA550A6-BC16-4905-8BB5-B0C2EC7D0411}.Release|x86.ActiveCfg = Release|x86
		{0AA550A6-BC16-4905-8BB5-B0C2EC7D0411}.Release|x86.Build.0 = Release|x86
		{6763D184-8F43-4EAF-8D86-2B1DC661BB09}.Debug|x86.ActiveCfg = Debug|x86
		{6763D184-8F43-4EAF-8D86-2B1DC661BB09}.Debug|x86.Build.0 = Debug|x86
		{6763D184-8F43-4EAF-8D86-2B1DC661BB09}.Release|x86.ActiveCfg = Release|x86
		{6763D184-8F43-4EAF-8D86-2B1DC661BB09}.Release|x86.Build.0 = Release|x86
		{B3DCE18F-83AC-4DCE-AB4E-B51881056299}.Debug|x86.ActiveCfg = Debug|x86
		{B3DCE18F-83AC-4DCE-AB4E-B51881056299}.Debug|x86.Build.0 = Debug|x86
		{B3DCE18F-83AC-4DCE-AB4E-B51881056299}.Release|x86.ActiveCfg = Release|x86
		{B3DCE18F-83AC-4DCE-AB4E-B51881056299}.Release|x86.Build.0 = Release|x86
		{A2C150C7-8116-4F2E-AB0E-1E0FF3CDB34E}.Debug|x86.ActiveCfg = Debug|x86
		{A2C150C7-8116-4F2E-AB0E-1E0FF3CDB34E}.Debug|x86.Build.0 = Debug|x86
		{A2C150C7-8116-4F2E-AB0E-1E0FF3CDB34E}.Release|x86.ActiveCfg = Release|x86
		{A2C150C7-8116-4F2E-AB0E-1E0FF3CDB34E}.Release|x86.Build.0 = Release|x86
		{E3428A87-E72B-42CC-AC12-6C97BA5A957D}.Debug|x86.ActiveCfg = Debug|x86
		{E3428A87-E72B-42CC-AC12-6C97BA5A957D}.Debug|x86.Build.0 = Debug|x86
		{E3428A87-E72B-42CC-AC12-6C97BA5A957D}.Release|x86.ActiveCfg = Release|x86
		{E3428A87-E72B-42CC-AC12-6C97BA5A957D}.Release|x86.Build.0 = Release|x86
		{5A33293A-3079-4F5D-86B9-964803561C73}.Debug|x86.ActiveCfg = Debug|x86
		{5A33293A-3079-4F5D-86B9-964803561C73}.Debug|x86.Build.0 = Debug|x86
		{5A33293A-3079-4F5D-86B9-964803561C73}.Release|x86.ActiveCfg = Release|x86
		{5A33293A-3079-4F5D-86B9-964803561C73}.Release|x86.Build.0 = Release|x86
		{0B9B6759-1CA3-4679-98BF-49F230FF49FF}.Debug|x86.ActiveCfg = Debug|x86
		{0B9B6759-1CA3-4679-98BF-49F230FF49FF}.Debug|x86.Build.0 = Debug|x86
		{0B9B6759-1CA3-4679-98BF-49F230FF49FF}.Release|x86.ActiveCfg = Release|x86
		{0B9B6759-1CA3-4679-98BF-49F230FF49FF}.Release|x86.Build.0 = Release|x86
		{E238A11A-1CDD-4866-908E-534E9079F643}.Debug|x86.ActiveCfg = Debug|x86
		{E238A11A-1CDD-4866-908E-534E9079F643}.Debug|x86.Build.0 = Debug|x86
		{E238A11A-1CDD-4866-908E-534E9079F643}.Release|x86.ActiveCfg = Release|x86
		{E238A11A-1CDD-4866-908E-534E9079F643}.Release|x86.Build.0 = Release|x86
		{98E08752-8395-4782-9F20-0F72BB69C019}.Debug|x86.ActiveCfg = Debug|x86
		{98E08752-8395-4782-9F20-0F72BB69C019}.Debug|x86.Build.0 = Debug|x86
		{98E08752-8395-4782-9F20-0F72BB69C019}.Release|x86.ActiveCfg = Release|x86
		{98E08752-8395-4782-9F20-0F72BB69C019}.Release|x86.Build.0 = Release|x86
		{B00B7187-DF39-4177-A744-7B48CE7BED0C}.Debug|x86.ActiveCfg = Debug|x86
		{B00B7187-DF39-4177-A744-7B48CE7BED0C}.Debug|x86.Build.0 = Debug|x86
		{B00B7187-DF39-4177-A744-7B48CE7BED0C}.Release|x86.ActiveCfg = Release|x86
		{B00B7187-DF39-4177-A744-7B48CE7BED0C}.Release|x86.Build.0 = Release|x86
		{049CC108-B02D-4327-A1AC-C0B6FF8E783B}.Debug|x86.ActiveCfg = Debug|x86
		{049CC108-B02D-4327-A1AC-C0B6FF8E783B}.Debug|x86.Build.0 = Debug|x86
		{049CC108-B02D-4327-A1AC-C0B6FF8E783B}.Release|x86.ActiveCfg = Release|x86
		{049CC108-B02D-4327-A1AC-C0B6FF8E783B}.Release|x86.Build.0 = Release|x86
	EndGlobalSection
	GlobalSection(SolutionProperties) = preSolution
		HideSolutionNode = FALSE
	EndGlobalSection
	GlobalSection(ExtensibilityGlobals) = postSolution
		SolutionGuid = {2094B5A6-E0CB-4A61-A23C-D77EAD361D68}
	EndGlobalSection
EndGlobal
