
Microsoft Visual Studio Solution File, Format Version 12.00
# Visual Studio 15
VisualStudioVersion = 15.0.27130.2020
MinimumVisualStudioVersion = 10.0.40219.1
Project("{FAE04EC0-301F-11D3-BF4B-00C04F79EFBC}") = "Tutorial001", "Tutorial001\Tutorial001.csproj", "{66F1189C-3F00-4E32-94D7-BE93F7E83791}"
EndProject
Global
	GlobalSection(SolutionConfigurationPlatforms) = preSolution
		Debug|x86 = Debug|x86
		Release|x86 = Release|x86
	EndGlobalSection
	GlobalSection(ProjectConfigurationPlatforms) = postSolution
		{66F1189C-3F00-4E32-94D7-BE93F7E83791}.Debug|x86.ActiveCfg = Debug|x86
		{66F1189C-3F00-4E32-94D7-BE93F7E83791}.Debug|x86.Build.0 = Debug|x86
		{66F1189C-3F00-4E32-94D7-BE93F7E83791}.Release|x86.ActiveCfg = Release|x86
		{66F1189C-3F00-4E32-94D7-BE93F7E83791}.Release|x86.Build.0 = Release|x86
	EndGlobalSection
	GlobalSection(SolutionProperties) = preSolution
		HideSolutionNode = FALSE
	EndGlobalSection
	GlobalSection(ExtensibilityGlobals) = postSolution
		SolutionGuid = {2094B5A6-E0CB-4A61-A23C-D77EAD361D68}
	EndGlobalSection
EndGlobal
